
Microsoft Visual Studio Solution File, Format Version 12.00
# Visual Studio Version 16
VisualStudioVersion = 16.0.30907.101
MinimumVisualStudioVersion = 10.0.40219.1
Project("{9A19103F-16F7-4668-BE54-9A1E7A4F7556}") = "DockerApi", "DockerApi\DockerApi.csproj", "{FE64BBED-A3D8-425E-8D6A-4EE0CA759EC2}"
EndProject
Project("{2150E333-8FDC-42A3-9474-1A3956D46DE8}") = "Resources", "Resources", "{78B3EBBD-7494-464F-A086-0D43F79E77F6}"
	ProjectSection(SolutionItems) = preProject
		.gitignore = .gitignore
		README.md = README.md
	EndProjectSection
EndProject
Project("{00D1A9C2-B5F0-4AF3-8072-F6C62B433612}") = "DockerDb", "DockerDb\DockerDb.sqlproj", "{DBCB65F4-C13B-4AE9-9129-C573448804F7}"
EndProject
Global
	GlobalSection(SolutionConfigurationPlatforms) = preSolution
		Debug|Any CPU = Debug|Any CPU
		Release|Any CPU = Release|Any CPU
	EndGlobalSection
	GlobalSection(ProjectConfigurationPlatforms) = postSolution
		{FE64BBED-A3D8-425E-8D6A-4EE0CA759EC2}.Debug|Any CPU.ActiveCfg = Debug|Any CPU
		{FE64BBED-A3D8-425E-8D6A-4EE0CA759EC2}.Debug|Any CPU.Build.0 = Debug|Any CPU
		{FE64BBED-A3D8-425E-8D6A-4EE0CA759EC2}.Release|Any CPU.ActiveCfg = Release|Any CPU
		{FE64BBED-A3D8-425E-8D6A-4EE0CA759EC2}.Release|Any CPU.Build.0 = Release|Any CPU
		{DBCB65F4-C13B-4AE9-9129-C573448804F7}.Debug|Any CPU.ActiveCfg = Debug|Any CPU
		{DBCB65F4-C13B-4AE9-9129-C573448804F7}.Debug|Any CPU.Build.0 = Debug|Any CPU
		{DBCB65F4-C13B-4AE9-9129-C573448804F7}.Debug|Any CPU.Deploy.0 = Debug|Any CPU
		{DBCB65F4-C13B-4AE9-9129-C573448804F7}.Release|Any CPU.ActiveCfg = Release|Any CPU
		{DBCB65F4-C13B-4AE9-9129-C573448804F7}.Release|Any CPU.Build.0 = Release|Any CPU
		{DBCB65F4-C13B-4AE9-9129-C573448804F7}.Release|Any CPU.Deploy.0 = Release|Any CPU
	EndGlobalSection
	GlobalSection(SolutionProperties) = preSolution
		HideSolutionNode = FALSE
	EndGlobalSection
	GlobalSection(ExtensibilityGlobals) = postSolution
		SolutionGuid = {5E51B459-24AC-4EC6-8CA4-AB24FF467F2E}
	EndGlobalSection
EndGlobal
